
Microsoft Visual Studio Solution File, Format Version 12.00
# Visual Studio Version 17
VisualStudioVersion = 17.12.35527.113
MinimumVisualStudioVersion = 10.0.40219.1
Project("{FAE04EC0-301F-11D3-BF4B-00C04F79EFBC}") = "Equipments", "Equipments\Equipments.csproj", "{2BD8FA76-859D-447C-9FB5-2C8C428367C9}"
EndProject
Project("{FAE04EC0-301F-11D3-BF4B-00C04F79EFBC}") = "Repositories", "Repositories\Repositories.csproj", "{1A04DE67-EADC-474D-85FD-7ECC754112B5}"
EndProject
Project("{FAE04EC0-301F-11D3-BF4B-00C04F79EFBC}") = "Services", "Services\Services.csproj", "{CE34CCDF-78E1-472B-8CA6-F40BCCE07F79}"
EndProject
Global
	GlobalSection(SolutionConfigurationPlatforms) = preSolution
		Debug|Any CPU = Debug|Any CPU
		Release|Any CPU = Release|Any CPU
	EndGlobalSection
	GlobalSection(ProjectConfigurationPlatforms) = postSolution
		{2BD8FA76-859D-447C-9FB5-2C8C428367C9}.Debug|Any CPU.ActiveCfg = Debug|Any CPU
		{2BD8FA76-859D-447C-9FB5-2C8C428367C9}.Debug|Any CPU.Build.0 = Debug|Any CPU
		{2BD8FA76-859D-447C-9FB5-2C8C428367C9}.Release|Any CPU.ActiveCfg = Release|Any CPU
		{2BD8FA76-859D-447C-9FB5-2C8C428367C9}.Release|Any CPU.Build.0 = Release|Any CPU
		{1A04DE67-EADC-474D-85FD-7ECC754112B5}.Debug|Any CPU.ActiveCfg = Debug|Any CPU
		{1A04DE67-EADC-474D-85FD-7ECC754112B5}.Debug|Any CPU.Build.0 = Debug|Any CPU
		{1A04DE67-EADC-474D-85FD-7ECC754112B5}.Release|Any CPU.ActiveCfg = Release|Any CPU
		{1A04DE67-EADC-474D-85FD-7ECC754112B5}.Release|Any CPU.Build.0 = Release|Any CPU
		{CE34CCDF-78E1-472B-8CA6-F40BCCE07F79}.Debug|Any CPU.ActiveCfg = Debug|Any CPU
		{CE34CCDF-78E1-472B-8CA6-F40BCCE07F79}.Debug|Any CPU.Build.0 = Debug|Any CPU
		{CE34CCDF-78E1-472B-8CA6-F40BCCE07F79}.Release|Any CPU.ActiveCfg = Release|Any CPU
		{CE34CCDF-78E1-472B-8CA6-F40BCCE07F79}.Release|Any CPU.Build.0 = Release|Any CPU
	EndGlobalSection
	GlobalSection(SolutionProperties) = preSolution
		HideSolutionNode = FALSE
	EndGlobalSection
EndGlobal
