
Microsoft Visual Studio Solution File, Format Version 12.00
# Visual Studio Version 17
VisualStudioVersion = 17.9.34902.65
MinimumVisualStudioVersion = 10.0.40219.1
Project("{FAE04EC0-301F-11D3-BF4B-00C04F79EFBC}") = "StudentManagerV1", "StudentManagerV1\StudentManagerV1.csproj", "{C56A40F5-5E8F-4491-9D16-D46F8D498052}"
EndProject
Project("{FAE04EC0-301F-11D3-BF4B-00C04F79EFBC}") = "StudentManagerV2", "StudentManagerV2\StudentManagerV2.csproj", "{7FF2B023-E51D-46BA-BE82-E2368CB562E9}"
EndProject
Project("{FAE04EC0-301F-11D3-BF4B-00C04F79EFBC}") = "StudentManagerV3", "StudentManagerV3\StudentManagerV3.csproj", "{DF5918A6-AC1F-4C16-8E7D-26410412D113}"
EndProject
Project("{FAE04EC0-301F-11D3-BF4B-00C04F79EFBC}") = "StudentManagerV4", "StudentManagerV4\StudentManagerV4.csproj", "{52F91182-480C-4081-858E-D502474790BA}"
EndProject
Project("{FAE04EC0-301F-11D3-BF4B-00C04F79EFBC}") = "StudentManagerV5", "StudentManagerV5\StudentManagerV5.csproj", "{0F79F372-BD99-4302-AF61-A67D5B9CEBE4}"
EndProject
Global
	GlobalSection(SolutionConfigurationPlatforms) = preSolution
		Debug|Any CPU = Debug|Any CPU
		Release|Any CPU = Release|Any CPU
	EndGlobalSection
	GlobalSection(ProjectConfigurationPlatforms) = postSolution
		{C56A40F5-5E8F-4491-9D16-D46F8D498052}.Debug|Any CPU.ActiveCfg = Debug|Any CPU
		{C56A40F5-5E8F-4491-9D16-D46F8D498052}.Debug|Any CPU.Build.0 = Debug|Any CPU
		{C56A40F5-5E8F-4491-9D16-D46F8D498052}.Release|Any CPU.ActiveCfg = Release|Any CPU
		{C56A40F5-5E8F-4491-9D16-D46F8D498052}.Release|Any CPU.Build.0 = Release|Any CPU
		{7FF2B023-E51D-46BA-BE82-E2368CB562E9}.Debug|Any CPU.ActiveCfg = Debug|Any CPU
		{7FF2B023-E51D-46BA-BE82-E2368CB562E9}.Debug|Any CPU.Build.0 = Debug|Any CPU
		{7FF2B023-E51D-46BA-BE82-E2368CB562E9}.Release|Any CPU.ActiveCfg = Release|Any CPU
		{7FF2B023-E51D-46BA-BE82-E2368CB562E9}.Release|Any CPU.Build.0 = Release|Any CPU
		{DF5918A6-AC1F-4C16-8E7D-26410412D113}.Debug|Any CPU.ActiveCfg = Debug|Any CPU
		{DF5918A6-AC1F-4C16-8E7D-26410412D113}.Debug|Any CPU.Build.0 = Debug|Any CPU
		{DF5918A6-AC1F-4C16-8E7D-26410412D113}.Release|Any CPU.ActiveCfg = Release|Any CPU
		{DF5918A6-AC1F-4C16-8E7D-26410412D113}.Release|Any CPU.Build.0 = Release|Any CPU
		{52F91182-480C-4081-858E-D502474790BA}.Debug|Any CPU.ActiveCfg = Debug|Any CPU
		{52F91182-480C-4081-858E-D502474790BA}.Debug|Any CPU.Build.0 = Debug|Any CPU
		{52F91182-480C-4081-858E-D502474790BA}.Release|Any CPU.ActiveCfg = Release|Any CPU
		{52F91182-480C-4081-858E-D502474790BA}.Release|Any CPU.Build.0 = Release|Any CPU
		{0F79F372-BD99-4302-AF61-A67D5B9CEBE4}.Debug|Any CPU.ActiveCfg = Debug|Any CPU
		{0F79F372-BD99-4302-AF61-A67D5B9CEBE4}.Debug|Any CPU.Build.0 = Debug|Any CPU
		{0F79F372-BD99-4302-AF61-A67D5B9CEBE4}.Release|Any CPU.ActiveCfg = Release|Any CPU
		{0F79F372-BD99-4302-AF61-A67D5B9CEBE4}.Release|Any CPU.Build.0 = Release|Any CPU
	EndGlobalSection
	GlobalSection(SolutionProperties) = preSolution
		HideSolutionNode = FALSE
	EndGlobalSection
	GlobalSection(ExtensibilityGlobals) = postSolution
		SolutionGuid = {25919B5D-7F07-40E5-8C76-5EB97D907B53}
	EndGlobalSection
EndGlobal
