
Microsoft Visual Studio Solution File, Format Version 12.00
# Visual Studio Version 17
VisualStudioVersion = 17.12.35527.113
MinimumVisualStudioVersion = 10.0.40219.1
Project("{FAE04EC0-301F-11D3-BF4B-00C04F79EFBC}") = "PharmaceuticalManagement", "PharmaceuticalManagement\PharmaceuticalManagement.csproj", "{BF370EA0-34DF-41A8-9F39-CEC3099C7553}"
EndProject
Project("{FAE04EC0-301F-11D3-BF4B-00C04F79EFBC}") = "Repositories", "Repositories\Repositories.csproj", "{01CC96F4-E7BF-4C6C-AD27-E88934EABF06}"
EndProject
Project("{FAE04EC0-301F-11D3-BF4B-00C04F79EFBC}") = "Services", "Services\Services.csproj", "{6958299E-8322-47D0-A07B-60AC01684F3E}"
EndProject
Global
	GlobalSection(SolutionConfigurationPlatforms) = preSolution
		Debug|Any CPU = Debug|Any CPU
		Release|Any CPU = Release|Any CPU
	EndGlobalSection
	GlobalSection(ProjectConfigurationPlatforms) = postSolution
		{BF370EA0-34DF-41A8-9F39-CEC3099C7553}.Debug|Any CPU.ActiveCfg = Debug|Any CPU
		{BF370EA0-34DF-41A8-9F39-CEC3099C7553}.Debug|Any CPU.Build.0 = Debug|Any CPU
		{BF370EA0-34DF-41A8-9F39-CEC3099C7553}.Release|Any CPU.ActiveCfg = Release|Any CPU
		{BF370EA0-34DF-41A8-9F39-CEC3099C7553}.Release|Any CPU.Build.0 = Release|Any CPU
		{01CC96F4-E7BF-4C6C-AD27-E88934EABF06}.Debug|Any CPU.ActiveCfg = Debug|Any CPU
		{01CC96F4-E7BF-4C6C-AD27-E88934EABF06}.Debug|Any CPU.Build.0 = Debug|Any CPU
		{01CC96F4-E7BF-4C6C-AD27-E88934EABF06}.Release|Any CPU.ActiveCfg = Release|Any CPU
		{01CC96F4-E7BF-4C6C-AD27-E88934EABF06}.Release|Any CPU.Build.0 = Release|Any CPU
		{6958299E-8322-47D0-A07B-60AC01684F3E}.Debug|Any CPU.ActiveCfg = Debug|Any CPU
		{6958299E-8322-47D0-A07B-60AC01684F3E}.Debug|Any CPU.Build.0 = Debug|Any CPU
		{6958299E-8322-47D0-A07B-60AC01684F3E}.Release|Any CPU.ActiveCfg = Release|Any CPU
		{6958299E-8322-47D0-A07B-60AC01684F3E}.Release|Any CPU.Build.0 = Release|Any CPU
	EndGlobalSection
	GlobalSection(SolutionProperties) = preSolution
		HideSolutionNode = FALSE
	EndGlobalSection
EndGlobal
