
Microsoft Visual Studio Solution File, Format Version 12.00
# Visual Studio Version 17
VisualStudioVersion = 17.13.35931.197
MinimumVisualStudioVersion = 10.0.40219.1
Project("{FAE04EC0-301F-11D3-BF4B-00C04F79EFBC}") = "SmokeQuit.Services.DuongLNT", "SmokeQuit.Services.DuongLNT\SmokeQuit.Services.DuongLNT.csproj", "{7F1A763C-AC3F-B3B9-883D-FE76C93DAF25}"
EndProject
Project("{FAE04EC0-301F-11D3-BF4B-00C04F79EFBC}") = "SmokeQuit.Repositories.DuongLNT", "SmokeQuit.Repositories.DuongLNT\SmokeQuit.Repositories.DuongLNT.csproj", "{F5791909-9B65-AEAF-DF63-110931919900}"
EndProject
Project("{FAE04EC0-301F-11D3-BF4B-00C04F79EFBC}") = "SmokeQuit.GrpcServices.DuongLNT", "SmokeQuit.GrpcServices.DuongLNT\SmokeQuit.GrpcServices.DuongLNT.csproj", "{E49816FC-8D8F-4359-9F43-7D1798FB3CB6}"
EndProject
Project("{FAE04EC0-301F-11D3-BF4B-00C04F79EFBC}") = "SmokeQuit.GrpcClient.ConsoleApp.DuongLNT", "SmokeQuit.GrpcClient.ConsoleApp.DuongLNT\SmokeQuit.GrpcClient.ConsoleApp.DuongLNT.csproj", "{D83FBE4D-0FA6-4F33-9C7B-E8144A73A670}"
EndProject
Project("{FAE04EC0-301F-11D3-BF4B-00C04F79EFBC}") = "SmokeQuit.GrpcClient.BlazorWebApp.DuongLNT", "SmokeQuit.GrpcClient.BlazorWebApp.DuongLNT\SmokeQuit.GrpcClient.BlazorWebApp.DuongLNT.csproj", "{C9CB48A2-81EE-4D0E-85B2-1912A30939E6}"
EndProject
Global
	GlobalSection(SolutionConfigurationPlatforms) = preSolution
		Debug|Any CPU = Debug|Any CPU
		Release|Any CPU = Release|Any CPU
	EndGlobalSection
	GlobalSection(ProjectConfigurationPlatforms) = postSolution
		{7F1A763C-AC3F-B3B9-883D-FE76C93DAF25}.Debug|Any CPU.ActiveCfg = Debug|Any CPU
		{7F1A763C-AC3F-B3B9-883D-FE76C93DAF25}.Debug|Any CPU.Build.0 = Debug|Any CPU
		{7F1A763C-AC3F-B3B9-883D-FE76C93DAF25}.Release|Any CPU.ActiveCfg = Release|Any CPU
		{7F1A763C-AC3F-B3B9-883D-FE76C93DAF25}.Release|Any CPU.Build.0 = Release|Any CPU
		{F5791909-9B65-AEAF-DF63-110931919900}.Debug|Any CPU.ActiveCfg = Debug|Any CPU
		{F5791909-9B65-AEAF-DF63-110931919900}.Debug|Any CPU.Build.0 = Debug|Any CPU
		{F5791909-9B65-AEAF-DF63-110931919900}.Release|Any CPU.ActiveCfg = Release|Any CPU
		{F5791909-9B65-AEAF-DF63-110931919900}.Release|Any CPU.Build.0 = Release|Any CPU
		{E49816FC-8D8F-4359-9F43-7D1798FB3CB6}.Debug|Any CPU.ActiveCfg = Debug|Any CPU
		{E49816FC-8D8F-4359-9F43-7D1798FB3CB6}.Debug|Any CPU.Build.0 = Debug|Any CPU
		{E49816FC-8D8F-4359-9F43-7D1798FB3CB6}.Release|Any CPU.ActiveCfg = Release|Any CPU
		{E49816FC-8D8F-4359-9F43-7D1798FB3CB6}.Release|Any CPU.Build.0 = Release|Any CPU
		{D83FBE4D-0FA6-4F33-9C7B-E8144A73A670}.Debug|Any CPU.ActiveCfg = Debug|Any CPU
		{D83FBE4D-0FA6-4F33-9C7B-E8144A73A670}.Debug|Any CPU.Build.0 = Debug|Any CPU
		{D83FBE4D-0FA6-4F33-9C7B-E8144A73A670}.Release|Any CPU.ActiveCfg = Release|Any CPU
		{D83FBE4D-0FA6-4F33-9C7B-E8144A73A670}.Release|Any CPU.Build.0 = Release|Any CPU
		{C9CB48A2-81EE-4D0E-85B2-1912A30939E6}.Debug|Any CPU.ActiveCfg = Debug|Any CPU
		{C9CB48A2-81EE-4D0E-85B2-1912A30939E6}.Debug|Any CPU.Build.0 = Debug|Any CPU
		{C9CB48A2-81EE-4D0E-85B2-1912A30939E6}.Release|Any CPU.ActiveCfg = Release|Any CPU
		{C9CB48A2-81EE-4D0E-85B2-1912A30939E6}.Release|Any CPU.Build.0 = Release|Any CPU
	EndGlobalSection
	GlobalSection(SolutionProperties) = preSolution
		HideSolutionNode = FALSE
	EndGlobalSection
	GlobalSection(ExtensibilityGlobals) = postSolution
		SolutionGuid = {0EB1DA75-88E3-4A41-94F7-E2576BB81C43}
	EndGlobalSection
EndGlobal
