
Microsoft Visual Studio Solution File, Format Version 12.00
# Visual Studio Version 17
VisualStudioVersion = 17.9.34728.123
MinimumVisualStudioVersion = 10.0.40219.1
Project("{9A19103F-16F7-4668-BE54-9A1E7A4F7556}") = "BookManager", "BookManager\BookManager.csproj", "{454472C1-35F3-49FD-ABAB-E8B76AB56F6C}"
EndProject
Project("{9A19103F-16F7-4668-BE54-9A1E7A4F7556}") = "Repositories", "Repositories\Repositories.csproj", "{05929209-6FA8-4093-8DF6-3633EE472A21}"
EndProject
Project("{9A19103F-16F7-4668-BE54-9A1E7A4F7556}") = "BookManagerGUIForms", "BookManagerGUIForms\BookManagerGUIForms.csproj", "{EC47E18D-864A-4F0D-9636-722318B4167C}"
EndProject
Project("{FAE04EC0-301F-11D3-BF4B-00C04F79EFBC}") = "BookManagerGUIWPF", "BookManagerGUIWPF\BookManagerGUIWPF.csproj", "{FFBEE797-2D95-4DFF-9E9A-AD3DCC093CE6}"
EndProject
Global
	GlobalSection(SolutionConfigurationPlatforms) = preSolution
		Debug|Any CPU = Debug|Any CPU
		Release|Any CPU = Release|Any CPU
	EndGlobalSection
	GlobalSection(ProjectConfigurationPlatforms) = postSolution
		{454472C1-35F3-49FD-ABAB-E8B76AB56F6C}.Debug|Any CPU.ActiveCfg = Debug|Any CPU
		{454472C1-35F3-49FD-ABAB-E8B76AB56F6C}.Debug|Any CPU.Build.0 = Debug|Any CPU
		{454472C1-35F3-49FD-ABAB-E8B76AB56F6C}.Release|Any CPU.ActiveCfg = Release|Any CPU
		{454472C1-35F3-49FD-ABAB-E8B76AB56F6C}.Release|Any CPU.Build.0 = Release|Any CPU
		{05929209-6FA8-4093-8DF6-3633EE472A21}.Debug|Any CPU.ActiveCfg = Debug|Any CPU
		{05929209-6FA8-4093-8DF6-3633EE472A21}.Debug|Any CPU.Build.0 = Debug|Any CPU
		{05929209-6FA8-4093-8DF6-3633EE472A21}.Release|Any CPU.ActiveCfg = Release|Any CPU
		{05929209-6FA8-4093-8DF6-3633EE472A21}.Release|Any CPU.Build.0 = Release|Any CPU
		{EC47E18D-864A-4F0D-9636-722318B4167C}.Debug|Any CPU.ActiveCfg = Debug|Any CPU
		{EC47E18D-864A-4F0D-9636-722318B4167C}.Debug|Any CPU.Build.0 = Debug|Any CPU
		{EC47E18D-864A-4F0D-9636-722318B4167C}.Release|Any CPU.ActiveCfg = Release|Any CPU
		{EC47E18D-864A-4F0D-9636-722318B4167C}.Release|Any CPU.Build.0 = Release|Any CPU
		{FFBEE797-2D95-4DFF-9E9A-AD3DCC093CE6}.Debug|Any CPU.ActiveCfg = Debug|Any CPU
		{FFBEE797-2D95-4DFF-9E9A-AD3DCC093CE6}.Debug|Any CPU.Build.0 = Debug|Any CPU
		{FFBEE797-2D95-4DFF-9E9A-AD3DCC093CE6}.Release|Any CPU.ActiveCfg = Release|Any CPU
		{FFBEE797-2D95-4DFF-9E9A-AD3DCC093CE6}.Release|Any CPU.Build.0 = Release|Any CPU
	EndGlobalSection
	GlobalSection(SolutionProperties) = preSolution
		HideSolutionNode = FALSE
	EndGlobalSection
	GlobalSection(ExtensibilityGlobals) = postSolution
		SolutionGuid = {CBC5CCEA-D0ED-4E27-86D2-49A7CE1401DE}
	EndGlobalSection
EndGlobal
