
Microsoft Visual Studio Solution File, Format Version 12.00
# Visual Studio Version 17
VisualStudioVersion = 17.9.34902.65
MinimumVisualStudioVersion = 10.0.40219.1
Project("{FAE04EC0-301F-11D3-BF4B-00C04F79EFBC}") = "BookManagement_LuongNgocThuyDuong", "BookManagement_LuongNgocThuyDuong\BookManagement_LuongNgocThuyDuong.csproj", "{C64C91F9-AAC4-40EF-8161-605F6750E279}"
EndProject
Project("{FAE04EC0-301F-11D3-BF4B-00C04F79EFBC}") = "Repositories", "Repositories\Repositories.csproj", "{5D1E927C-739C-4ECC-9C5B-5A0F4B4ACC7B}"
EndProject
Project("{FAE04EC0-301F-11D3-BF4B-00C04F79EFBC}") = "Services", "Services\Services.csproj", "{98F66200-0557-4A5D-9B3A-19975906794E}"
EndProject
Global
	GlobalSection(SolutionConfigurationPlatforms) = preSolution
		Debug|Any CPU = Debug|Any CPU
		Release|Any CPU = Release|Any CPU
	EndGlobalSection
	GlobalSection(ProjectConfigurationPlatforms) = postSolution
		{C64C91F9-AAC4-40EF-8161-605F6750E279}.Debug|Any CPU.ActiveCfg = Debug|Any CPU
		{C64C91F9-AAC4-40EF-8161-605F6750E279}.Debug|Any CPU.Build.0 = Debug|Any CPU
		{C64C91F9-AAC4-40EF-8161-605F6750E279}.Release|Any CPU.ActiveCfg = Release|Any CPU
		{C64C91F9-AAC4-40EF-8161-605F6750E279}.Release|Any CPU.Build.0 = Release|Any CPU
		{5D1E927C-739C-4ECC-9C5B-5A0F4B4ACC7B}.Debug|Any CPU.ActiveCfg = Debug|Any CPU
		{5D1E927C-739C-4ECC-9C5B-5A0F4B4ACC7B}.Debug|Any CPU.Build.0 = Debug|Any CPU
		{5D1E927C-739C-4ECC-9C5B-5A0F4B4ACC7B}.Release|Any CPU.ActiveCfg = Release|Any CPU
		{5D1E927C-739C-4ECC-9C5B-5A0F4B4ACC7B}.Release|Any CPU.Build.0 = Release|Any CPU
		{98F66200-0557-4A5D-9B3A-19975906794E}.Debug|Any CPU.ActiveCfg = Debug|Any CPU
		{98F66200-0557-4A5D-9B3A-19975906794E}.Debug|Any CPU.Build.0 = Debug|Any CPU
		{98F66200-0557-4A5D-9B3A-19975906794E}.Release|Any CPU.ActiveCfg = Release|Any CPU
		{98F66200-0557-4A5D-9B3A-19975906794E}.Release|Any CPU.Build.0 = Release|Any CPU
	EndGlobalSection
	GlobalSection(SolutionProperties) = preSolution
		HideSolutionNode = FALSE
	EndGlobalSection
	GlobalSection(ExtensibilityGlobals) = postSolution
		SolutionGuid = {77E58282-B048-48C6-97C8-E55B8D41E242}
	EndGlobalSection
EndGlobal
