
Microsoft Visual Studio Solution File, Format Version 12.00
# Visual Studio Version 17
VisualStudioVersion = 17.11.35303.130
MinimumVisualStudioVersion = 10.0.40219.1
Project("{FAE04EC0-301F-11D3-BF4B-00C04F79EFBC}") = "PRN222.Lab1.MVC", "Lab1.MVC\PRN222.Lab1.MVC.csproj", "{9F49C574-4882-4186-9B3A-5A89943E7F42}"
EndProject
Project("{FAE04EC0-301F-11D3-BF4B-00C04F79EFBC}") = "PRN222.Lab1.Services", "Lab1.Services\PRN222.Lab1.Services.csproj", "{79F3DD1D-A935-4D78-8DD5-98CE6251D5C6}"
EndProject
Project("{FAE04EC0-301F-11D3-BF4B-00C04F79EFBC}") = "PRN222.Lab1.Repositories", "Lab1.Repositories\PRN222.Lab1.Repositories.csproj", "{8B6A29DF-819F-4FF9-98F6-969A16C1184B}"
EndProject
Global
	GlobalSection(SolutionConfigurationPlatforms) = preSolution
		Debug|Any CPU = Debug|Any CPU
		Release|Any CPU = Release|Any CPU
	EndGlobalSection
	GlobalSection(ProjectConfigurationPlatforms) = postSolution
		{9F49C574-4882-4186-9B3A-5A89943E7F42}.Debug|Any CPU.ActiveCfg = Debug|Any CPU
		{9F49C574-4882-4186-9B3A-5A89943E7F42}.Debug|Any CPU.Build.0 = Debug|Any CPU
		{9F49C574-4882-4186-9B3A-5A89943E7F42}.Release|Any CPU.ActiveCfg = Release|Any CPU
		{9F49C574-4882-4186-9B3A-5A89943E7F42}.Release|Any CPU.Build.0 = Release|Any CPU
		{79F3DD1D-A935-4D78-8DD5-98CE6251D5C6}.Debug|Any CPU.ActiveCfg = Debug|Any CPU
		{79F3DD1D-A935-4D78-8DD5-98CE6251D5C6}.Debug|Any CPU.Build.0 = Debug|Any CPU
		{79F3DD1D-A935-4D78-8DD5-98CE6251D5C6}.Release|Any CPU.ActiveCfg = Release|Any CPU
		{79F3DD1D-A935-4D78-8DD5-98CE6251D5C6}.Release|Any CPU.Build.0 = Release|Any CPU
		{8B6A29DF-819F-4FF9-98F6-969A16C1184B}.Debug|Any CPU.ActiveCfg = Debug|Any CPU
		{8B6A29DF-819F-4FF9-98F6-969A16C1184B}.Debug|Any CPU.Build.0 = Debug|Any CPU
		{8B6A29DF-819F-4FF9-98F6-969A16C1184B}.Release|Any CPU.ActiveCfg = Release|Any CPU
		{8B6A29DF-819F-4FF9-98F6-969A16C1184B}.Release|Any CPU.Build.0 = Release|Any CPU
	EndGlobalSection
	GlobalSection(SolutionProperties) = preSolution
		HideSolutionNode = FALSE
	EndGlobalSection
	GlobalSection(ExtensibilityGlobals) = postSolution
		SolutionGuid = {CDB613D7-DDCB-40F2-A423-278E83B33F79}
	EndGlobalSection
EndGlobal
