
Microsoft Visual Studio Solution File, Format Version 12.00
# Visual Studio Version 17
VisualStudioVersion = 17.13.35931.197
MinimumVisualStudioVersion = 10.0.40219.1
Project("{FAE04EC0-301F-11D3-BF4B-00C04F79EFBC}") = "SmokeQuit.Repositories.DuongLNT", "SmokeQuit.Repositories.DuongLNT\SmokeQuit.Repositories.DuongLNT.csproj", "{F5791909-9B65-AEAF-DF63-110931919900}"
EndProject
Project("{FAE04EC0-301F-11D3-BF4B-00C04F79EFBC}") = "SmokeQuit.Services.DuongLNT", "SmokeQuit.Services.DuongLNT\SmokeQuit.Services.DuongLNT.csproj", "{7F1A763C-AC3F-B3B9-883D-FE76C93DAF25}"
EndProject
Project("{FAE04EC0-301F-11D3-BF4B-00C04F79EFBC}") = "SmokeQuit.GraphQLAPIServices.DuongLnt", "SmokeQuit.GraphQLAPIServices.DuongLnt\SmokeQuit.GraphQLAPIServices.DuongLnt.csproj", "{9C397A81-1610-4610-AC1B-B524C5442D5D}"
EndProject
Project("{FAE04EC0-301F-11D3-BF4B-00C04F79EFBC}") = "SmokeQuit.GraphQLClients.BlazorWAS.DuongLNT", "SmokeQuit.GraphQLClients.BlazorWAS.DuongLNT\SmokeQuit.GraphQLClients.BlazorWAS.DuongLNT.csproj", "{0993660E-4FBF-46AC-8AE8-D44CDEE7F8AB}"
EndProject
Global
	GlobalSection(SolutionConfigurationPlatforms) = preSolution
		Debug|Any CPU = Debug|Any CPU
		Release|Any CPU = Release|Any CPU
	EndGlobalSection
	GlobalSection(ProjectConfigurationPlatforms) = postSolution
		{F5791909-9B65-AEAF-DF63-110931919900}.Debug|Any CPU.ActiveCfg = Debug|Any CPU
		{F5791909-9B65-AEAF-DF63-110931919900}.Debug|Any CPU.Build.0 = Debug|Any CPU
		{F5791909-9B65-AEAF-DF63-110931919900}.Release|Any CPU.ActiveCfg = Release|Any CPU
		{F5791909-9B65-AEAF-DF63-110931919900}.Release|Any CPU.Build.0 = Release|Any CPU
		{7F1A763C-AC3F-B3B9-883D-FE76C93DAF25}.Debug|Any CPU.ActiveCfg = Debug|Any CPU
		{7F1A763C-AC3F-B3B9-883D-FE76C93DAF25}.Debug|Any CPU.Build.0 = Debug|Any CPU
		{7F1A763C-AC3F-B3B9-883D-FE76C93DAF25}.Release|Any CPU.ActiveCfg = Release|Any CPU
		{7F1A763C-AC3F-B3B9-883D-FE76C93DAF25}.Release|Any CPU.Build.0 = Release|Any CPU
		{9C397A81-1610-4610-AC1B-B524C5442D5D}.Debug|Any CPU.ActiveCfg = Debug|Any CPU
		{9C397A81-1610-4610-AC1B-B524C5442D5D}.Debug|Any CPU.Build.0 = Debug|Any CPU
		{9C397A81-1610-4610-AC1B-B524C5442D5D}.Release|Any CPU.ActiveCfg = Release|Any CPU
		{9C397A81-1610-4610-AC1B-B524C5442D5D}.Release|Any CPU.Build.0 = Release|Any CPU
		{0993660E-4FBF-46AC-8AE8-D44CDEE7F8AB}.Debug|Any CPU.ActiveCfg = Debug|Any CPU
		{0993660E-4FBF-46AC-8AE8-D44CDEE7F8AB}.Debug|Any CPU.Build.0 = Debug|Any CPU
		{0993660E-4FBF-46AC-8AE8-D44CDEE7F8AB}.Release|Any CPU.ActiveCfg = Release|Any CPU
		{0993660E-4FBF-46AC-8AE8-D44CDEE7F8AB}.Release|Any CPU.Build.0 = Release|Any CPU
	EndGlobalSection
	GlobalSection(SolutionProperties) = preSolution
		HideSolutionNode = FALSE
	EndGlobalSection
	GlobalSection(ExtensibilityGlobals) = postSolution
		SolutionGuid = {D0D0D5E3-0558-441A-828B-F87C1FD7871C}
	EndGlobalSection
EndGlobal
