
Microsoft Visual Studio Solution File, Format Version 12.00
# Visual Studio Version 17
VisualStudioVersion = 17.9.34728.123
MinimumVisualStudioVersion = 10.0.40219.1
Project("{9A19103F-16F7-4668-BE54-9A1E7A4F7556}") = "Integers", "Integers\Integers.csproj", "{9A35C28D-51E3-4533-9C09-C7CE284F186E}"
EndProject
Project("{FAE04EC0-301F-11D3-BF4B-00C04F79EFBC}") = "IntegersOut", "IntegersOut\IntegersOut.csproj", "{BA4D907E-782F-4DD9-8095-329E8E96B31F}"
EndProject
Project("{FAE04EC0-301F-11D3-BF4B-00C04F79EFBC}") = "IntegersOutV2", "IntegersOutV2\IntegersOutV2.csproj", "{6B8738C4-B882-4F1F-A941-2D60662BDCF7}"
EndProject
Project("{FAE04EC0-301F-11D3-BF4B-00C04F79EFBC}") = "IntegersRef", "IntegersRef\IntegersRef.csproj", "{807B990A-4860-404A-ADD8-F3CFC6D5D218}"
EndProject
Global
	GlobalSection(SolutionConfigurationPlatforms) = preSolution
		Debug|Any CPU = Debug|Any CPU
		Release|Any CPU = Release|Any CPU
	EndGlobalSection
	GlobalSection(ProjectConfigurationPlatforms) = postSolution
		{9A35C28D-51E3-4533-9C09-C7CE284F186E}.Debug|Any CPU.ActiveCfg = Debug|Any CPU
		{9A35C28D-51E3-4533-9C09-C7CE284F186E}.Debug|Any CPU.Build.0 = Debug|Any CPU
		{9A35C28D-51E3-4533-9C09-C7CE284F186E}.Release|Any CPU.ActiveCfg = Release|Any CPU
		{9A35C28D-51E3-4533-9C09-C7CE284F186E}.Release|Any CPU.Build.0 = Release|Any CPU
		{BA4D907E-782F-4DD9-8095-329E8E96B31F}.Debug|Any CPU.ActiveCfg = Debug|Any CPU
		{BA4D907E-782F-4DD9-8095-329E8E96B31F}.Debug|Any CPU.Build.0 = Debug|Any CPU
		{BA4D907E-782F-4DD9-8095-329E8E96B31F}.Release|Any CPU.ActiveCfg = Release|Any CPU
		{BA4D907E-782F-4DD9-8095-329E8E96B31F}.Release|Any CPU.Build.0 = Release|Any CPU
		{6B8738C4-B882-4F1F-A941-2D60662BDCF7}.Debug|Any CPU.ActiveCfg = Debug|Any CPU
		{6B8738C4-B882-4F1F-A941-2D60662BDCF7}.Debug|Any CPU.Build.0 = Debug|Any CPU
		{6B8738C4-B882-4F1F-A941-2D60662BDCF7}.Release|Any CPU.ActiveCfg = Release|Any CPU
		{6B8738C4-B882-4F1F-A941-2D60662BDCF7}.Release|Any CPU.Build.0 = Release|Any CPU
		{807B990A-4860-404A-ADD8-F3CFC6D5D218}.Debug|Any CPU.ActiveCfg = Debug|Any CPU
		{807B990A-4860-404A-ADD8-F3CFC6D5D218}.Debug|Any CPU.Build.0 = Debug|Any CPU
		{807B990A-4860-404A-ADD8-F3CFC6D5D218}.Release|Any CPU.ActiveCfg = Release|Any CPU
		{807B990A-4860-404A-ADD8-F3CFC6D5D218}.Release|Any CPU.Build.0 = Release|Any CPU
	EndGlobalSection
	GlobalSection(SolutionProperties) = preSolution
		HideSolutionNode = FALSE
	EndGlobalSection
	GlobalSection(ExtensibilityGlobals) = postSolution
		SolutionGuid = {BC0D3153-6971-40D6-9F17-D5E549823F5F}
	EndGlobalSection
EndGlobal
