
Microsoft Visual Studio Solution File, Format Version 12.00
# Visual Studio Version 17
VisualStudioVersion = 17.13.35931.197
MinimumVisualStudioVersion = 10.0.40219.1
Project("{FAE04EC0-301F-11D3-BF4B-00C04F79EFBC}") = "PRN231_SU25_SE171916.Api", "PRN231_SU25_SE171916.Api\PRN231_SU25_SE171916.Api.csproj", "{762CB30F-0ADD-4DE0-9FA6-08B8241EAA7D}"
EndProject
Project("{FAE04EC0-301F-11D3-BF4B-00C04F79EFBC}") = "PRN231_SU25_SE171916.Repositories", "PRN231_SU25_SE171916.Repositories\PRN231_SU25_SE171916.Repositories.csproj", "{1A1F8665-30D6-4D58-AA1E-19D044F27F61}"
EndProject
Project("{FAE04EC0-301F-11D3-BF4B-00C04F79EFBC}") = "PRN231_SU25_SE171916.Services", "PRN231_SU25_SE171916.Services\PRN231_SU25_SE171916.Services.csproj", "{290E670E-687B-40E1-966C-E06EEE2ECE0D}"
EndProject
Global
	GlobalSection(SolutionConfigurationPlatforms) = preSolution
		Debug|Any CPU = Debug|Any CPU
		Release|Any CPU = Release|Any CPU
	EndGlobalSection
	GlobalSection(ProjectConfigurationPlatforms) = postSolution
		{762CB30F-0ADD-4DE0-9FA6-08B8241EAA7D}.Debug|Any CPU.ActiveCfg = Debug|Any CPU
		{762CB30F-0ADD-4DE0-9FA6-08B8241EAA7D}.Debug|Any CPU.Build.0 = Debug|Any CPU
		{762CB30F-0ADD-4DE0-9FA6-08B8241EAA7D}.Release|Any CPU.ActiveCfg = Release|Any CPU
		{762CB30F-0ADD-4DE0-9FA6-08B8241EAA7D}.Release|Any CPU.Build.0 = Release|Any CPU
		{1A1F8665-30D6-4D58-AA1E-19D044F27F61}.Debug|Any CPU.ActiveCfg = Debug|Any CPU
		{1A1F8665-30D6-4D58-AA1E-19D044F27F61}.Debug|Any CPU.Build.0 = Debug|Any CPU
		{1A1F8665-30D6-4D58-AA1E-19D044F27F61}.Release|Any CPU.ActiveCfg = Release|Any CPU
		{1A1F8665-30D6-4D58-AA1E-19D044F27F61}.Release|Any CPU.Build.0 = Release|Any CPU
		{290E670E-687B-40E1-966C-E06EEE2ECE0D}.Debug|Any CPU.ActiveCfg = Debug|Any CPU
		{290E670E-687B-40E1-966C-E06EEE2ECE0D}.Debug|Any CPU.Build.0 = Debug|Any CPU
		{290E670E-687B-40E1-966C-E06EEE2ECE0D}.Release|Any CPU.ActiveCfg = Release|Any CPU
		{290E670E-687B-40E1-966C-E06EEE2ECE0D}.Release|Any CPU.Build.0 = Release|Any CPU
	EndGlobalSection
	GlobalSection(SolutionProperties) = preSolution
		HideSolutionNode = FALSE
	EndGlobalSection
	GlobalSection(ExtensibilityGlobals) = postSolution
		SolutionGuid = {A5D06010-C3CB-4B8C-8830-A871301FF9B4}
	EndGlobalSection
EndGlobal
